
Microsoft Visual Studio Solution File, Format Version 12.00
# Visual Studio Version 17
VisualStudioVersion = 17.4.33205.214
MinimumVisualStudioVersion = 10.0.40219.1
Project("{FAE04EC0-301F-11D3-BF4B-00C04F79EFBC}") = "Functions", "Functions\Functions.csproj", "{E813074F-1482-43DF-9A22-659B7E7A29B3}"
EndProject
Global
	GlobalSection(SolutionConfigurationPlatforms) = preSolution
		Debug|Any CPU = Debug|Any CPU
		Release|Any CPU = Release|Any CPU
	EndGlobalSection
	GlobalSection(ProjectConfigurationPlatforms) = postSolution
		{E813074F-1482-43DF-9A22-659B7E7A29B3}.Debug|Any CPU.ActiveCfg = Debug|Any CPU
		{E813074F-1482-43DF-9A22-659B7E7A29B3}.Debug|Any CPU.Build.0 = Debug|Any CPU
		{E813074F-1482-43DF-9A22-659B7E7A29B3}.Release|Any CPU.ActiveCfg = Release|Any CPU
		{E813074F-1482-43DF-9A22-659B7E7A29B3}.Release|Any CPU.Build.0 = Release|Any CPU
	EndGlobalSection
	GlobalSection(SolutionProperties) = preSolution
		HideSolutionNode = FALSE
	EndGlobalSection
	GlobalSection(ExtensibilityGlobals) = postSolution
		SolutionGuid = {3873E0E6-8F02-4916-B186-C08A36044221}
	EndGlobalSection
EndGlobal
