
Microsoft Visual Studio Solution File, Format Version 12.00
# Visual Studio Version 17
VisualStudioVersion = 17.4.33205.214
MinimumVisualStudioVersion = 10.0.40219.1
Project("{FAE04EC0-301F-11D3-BF4B-00C04F79EFBC}") = "KararYapisiIF", "KararYapisiIF\KararYapisiIF.csproj", "{76A2304B-A9C9-4D9D-A804-D6D386BB5D48}"
EndProject
Global
	GlobalSection(SolutionConfigurationPlatforms) = preSolution
		Debug|Any CPU = Debug|Any CPU
		Release|Any CPU = Release|Any CPU
	EndGlobalSection
	GlobalSection(ProjectConfigurationPlatforms) = postSolution
		{76A2304B-A9C9-4D9D-A804-D6D386BB5D48}.Debug|Any CPU.ActiveCfg = Debug|Any CPU
		{76A2304B-A9C9-4D9D-A804-D6D386BB5D48}.Debug|Any CPU.Build.0 = Debug|Any CPU
		{76A2304B-A9C9-4D9D-A804-D6D386BB5D48}.Release|Any CPU.ActiveCfg = Release|Any CPU
		{76A2304B-A9C9-4D9D-A804-D6D386BB5D48}.Release|Any CPU.Build.0 = Release|Any CPU
	EndGlobalSection
	GlobalSection(SolutionProperties) = preSolution
		HideSolutionNode = FALSE
	EndGlobalSection
	GlobalSection(ExtensibilityGlobals) = postSolution
		SolutionGuid = {E317EEEB-6F84-4B28-9056-2A354484FB99}
	EndGlobalSection
EndGlobal
