
Microsoft Visual Studio Solution File, Format Version 12.00
# Visual Studio Version 17
VisualStudioVersion = 17.4.33205.214
MinimumVisualStudioVersion = 10.0.40219.1
Project("{FAE04EC0-301F-11D3-BF4B-00C04F79EFBC}") = "SingleResponsibility", "SingleResponsibility\SingleResponsibility.csproj", "{871AF902-28EF-4BDC-922F-8CFBD4A41F2A}"
EndProject
Project("{FAE04EC0-301F-11D3-BF4B-00C04F79EFBC}") = "OpenClosed", "OpenClosed\OpenClosed.csproj", "{389CB010-2E55-4EC4-8556-8A3ACC68B800}"
EndProject
Project("{FAE04EC0-301F-11D3-BF4B-00C04F79EFBC}") = "LiskovSubstution", "LiskovSubstution\LiskovSubstution.csproj", "{C95082A5-A8C1-4D65-A8BA-6C1A7BFA99A6}"
EndProject
Global
	GlobalSection(SolutionConfigurationPlatforms) = preSolution
		Debug|Any CPU = Debug|Any CPU
		Release|Any CPU = Release|Any CPU
	EndGlobalSection
	GlobalSection(ProjectConfigurationPlatforms) = postSolution
		{871AF902-28EF-4BDC-922F-8CFBD4A41F2A}.Debug|Any CPU.ActiveCfg = Debug|Any CPU
		{871AF902-28EF-4BDC-922F-8CFBD4A41F2A}.Debug|Any CPU.Build.0 = Debug|Any CPU
		{871AF902-28EF-4BDC-922F-8CFBD4A41F2A}.Release|Any CPU.ActiveCfg = Release|Any CPU
		{871AF902-28EF-4BDC-922F-8CFBD4A41F2A}.Release|Any CPU.Build.0 = Release|Any CPU
		{389CB010-2E55-4EC4-8556-8A3ACC68B800}.Debug|Any CPU.ActiveCfg = Debug|Any CPU
		{389CB010-2E55-4EC4-8556-8A3ACC68B800}.Debug|Any CPU.Build.0 = Debug|Any CPU
		{389CB010-2E55-4EC4-8556-8A3ACC68B800}.Release|Any CPU.ActiveCfg = Release|Any CPU
		{389CB010-2E55-4EC4-8556-8A3ACC68B800}.Release|Any CPU.Build.0 = Release|Any CPU
		{C95082A5-A8C1-4D65-A8BA-6C1A7BFA99A6}.Debug|Any CPU.ActiveCfg = Debug|Any CPU
		{C95082A5-A8C1-4D65-A8BA-6C1A7BFA99A6}.Debug|Any CPU.Build.0 = Debug|Any CPU
		{C95082A5-A8C1-4D65-A8BA-6C1A7BFA99A6}.Release|Any CPU.ActiveCfg = Release|Any CPU
		{C95082A5-A8C1-4D65-A8BA-6C1A7BFA99A6}.Release|Any CPU.Build.0 = Release|Any CPU
	EndGlobalSection
	GlobalSection(SolutionProperties) = preSolution
		HideSolutionNode = FALSE
	EndGlobalSection
	GlobalSection(ExtensibilityGlobals) = postSolution
		SolutionGuid = {D3BD8FA7-EE8D-4073-948E-C75119831B1E}
	EndGlobalSection
EndGlobal
