
Microsoft Visual Studio Solution File, Format Version 12.00
# Visual Studio Version 17
VisualStudioVersion = 17.4.33205.214
MinimumVisualStudioVersion = 10.0.40219.1
Project("{FAE04EC0-301F-11D3-BF4B-00C04F79EFBC}") = "VariablesAndTypes", "VariablesAndTypes\VariablesAndTypes.csproj", "{1D0DD626-DEA5-4730-A53E-A03C5612CBCD}"
EndProject
Global
	GlobalSection(SolutionConfigurationPlatforms) = preSolution
		Debug|Any CPU = Debug|Any CPU
		Release|Any CPU = Release|Any CPU
	EndGlobalSection
	GlobalSection(ProjectConfigurationPlatforms) = postSolution
		{1D0DD626-DEA5-4730-A53E-A03C5612CBCD}.Debug|Any CPU.ActiveCfg = Debug|Any CPU
		{1D0DD626-DEA5-4730-A53E-A03C5612CBCD}.Debug|Any CPU.Build.0 = Debug|Any CPU
		{1D0DD626-DEA5-4730-A53E-A03C5612CBCD}.Release|Any CPU.ActiveCfg = Release|Any CPU
		{1D0DD626-DEA5-4730-A53E-A03C5612CBCD}.Release|Any CPU.Build.0 = Release|Any CPU
	EndGlobalSection
	GlobalSection(SolutionProperties) = preSolution
		HideSolutionNode = FALSE
	EndGlobalSection
	GlobalSection(ExtensibilityGlobals) = postSolution
		SolutionGuid = {E02F99CC-447E-4642-8F82-C3F42A0A0BF3}
	EndGlobalSection
EndGlobal
