
Microsoft Visual Studio Solution File, Format Version 12.00
# Visual Studio Version 17
VisualStudioVersion = 17.4.33205.214
MinimumVisualStudioVersion = 10.0.40219.1
Project("{FAE04EC0-301F-11D3-BF4B-00C04F79EFBC}") = "eshop.MVC", "eshop.MVC\eshop.MVC.csproj", "{DEF0F56B-6E18-4057-89F0-F5D69B688A36}"
EndProject
Project("{FAE04EC0-301F-11D3-BF4B-00C04F79EFBC}") = "eshop.Entities", "eshop.Entities\eshop.Entities.csproj", "{018B09C2-C76C-4D75-ABD2-CF3525D3394D}"
EndProject
Project("{FAE04EC0-301F-11D3-BF4B-00C04F79EFBC}") = "eshop.Application", "eshop.Application\eshop.Application.csproj", "{BC19269D-15A4-45EF-BDBF-8C7EC00B4B29}"
EndProject
Project("{FAE04EC0-301F-11D3-BF4B-00C04F79EFBC}") = "eshop.DataOperations", "eshop.DataOperations\eshop.DataOperations.csproj", "{1076E605-76F3-4F59-802B-0263842D5079}"
EndProject
Global
	GlobalSection(SolutionConfigurationPlatforms) = preSolution
		Debug|Any CPU = Debug|Any CPU
		Release|Any CPU = Release|Any CPU
	EndGlobalSection
	GlobalSection(ProjectConfigurationPlatforms) = postSolution
		{DEF0F56B-6E18-4057-89F0-F5D69B688A36}.Debug|Any CPU.ActiveCfg = Debug|Any CPU
		{DEF0F56B-6E18-4057-89F0-F5D69B688A36}.Debug|Any CPU.Build.0 = Debug|Any CPU
		{DEF0F56B-6E18-4057-89F0-F5D69B688A36}.Release|Any CPU.ActiveCfg = Release|Any CPU
		{DEF0F56B-6E18-4057-89F0-F5D69B688A36}.Release|Any CPU.Build.0 = Release|Any CPU
		{018B09C2-C76C-4D75-ABD2-CF3525D3394D}.Debug|Any CPU.ActiveCfg = Debug|Any CPU
		{018B09C2-C76C-4D75-ABD2-CF3525D3394D}.Debug|Any CPU.Build.0 = Debug|Any CPU
		{018B09C2-C76C-4D75-ABD2-CF3525D3394D}.Release|Any CPU.ActiveCfg = Release|Any CPU
		{018B09C2-C76C-4D75-ABD2-CF3525D3394D}.Release|Any CPU.Build.0 = Release|Any CPU
		{BC19269D-15A4-45EF-BDBF-8C7EC00B4B29}.Debug|Any CPU.ActiveCfg = Debug|Any CPU
		{BC19269D-15A4-45EF-BDBF-8C7EC00B4B29}.Debug|Any CPU.Build.0 = Debug|Any CPU
		{BC19269D-15A4-45EF-BDBF-8C7EC00B4B29}.Release|Any CPU.ActiveCfg = Release|Any CPU
		{BC19269D-15A4-45EF-BDBF-8C7EC00B4B29}.Release|Any CPU.Build.0 = Release|Any CPU
		{1076E605-76F3-4F59-802B-0263842D5079}.Debug|Any CPU.ActiveCfg = Debug|Any CPU
		{1076E605-76F3-4F59-802B-0263842D5079}.Debug|Any CPU.Build.0 = Debug|Any CPU
		{1076E605-76F3-4F59-802B-0263842D5079}.Release|Any CPU.ActiveCfg = Release|Any CPU
		{1076E605-76F3-4F59-802B-0263842D5079}.Release|Any CPU.Build.0 = Release|Any CPU
	EndGlobalSection
	GlobalSection(SolutionProperties) = preSolution
		HideSolutionNode = FALSE
	EndGlobalSection
	GlobalSection(ExtensibilityGlobals) = postSolution
		SolutionGuid = {BE9A81D2-29BC-407F-9772-C77B64B61321}
	EndGlobalSection
EndGlobal
